
Microsoft Visual Studio Solution File, Format Version 12.00
# Visual Studio Version 17
VisualStudioVersion = 17.1.32120.378
MinimumVisualStudioVersion = 10.0.40219.1
Project("{FAE04EC0-301F-11D3-BF4B-00C04F79EFBC}") = "AirHockey", "AirHockey\AirHockey.csproj", "{815E8AA2-494D-437D-86BE-EB34B337C2B9}"
EndProject
Global
	GlobalSection(SolutionConfigurationPlatforms) = preSolution
		Debug|Any CPU = Debug|Any CPU
		Release|Any CPU = Release|Any CPU
	EndGlobalSection
	GlobalSection(ProjectConfigurationPlatforms) = postSolution
		{815E8AA2-494D-437D-86BE-EB34B337C2B9}.Debug|Any CPU.ActiveCfg = Debug|Any CPU
		{815E8AA2-494D-437D-86BE-EB34B337C2B9}.Debug|Any CPU.Build.0 = Debug|Any CPU
		{815E8AA2-494D-437D-86BE-EB34B337C2B9}.Release|Any CPU.ActiveCfg = Release|Any CPU
		{815E8AA2-494D-437D-86BE-EB34B337C2B9}.Release|Any CPU.Build.0 = Release|Any CPU
	EndGlobalSection
	GlobalSection(SolutionProperties) = preSolution
		HideSolutionNode = FALSE
	EndGlobalSection
	GlobalSection(ExtensibilityGlobals) = postSolution
		SolutionGuid = {FC7B8718-8D1A-449A-B301-E99CF44FC921}
	EndGlobalSection
EndGlobal
